
Microsoft Visual Studio Solution File, Format Version 12.00
# Visual Studio Version 17
VisualStudioVersion = 17.13.35919.96 d17.13
MinimumVisualStudioVersion = 10.0.40219.1
Project("{FAE04EC0-301F-11D3-BF4B-00C04F79EFBC}") = "presentacion", "presentacion\presentacion.csproj", "{3F63A0C3-3BB8-4553-ABF6-38C166F7F3F7}"
EndProject
Project("{FAE04EC0-301F-11D3-BF4B-00C04F79EFBC}") = "negocio", "negocio\negocio.csproj", "{40ADC42D-F3CB-4C22-994E-4194E311A924}"
EndProject
Project("{FAE04EC0-301F-11D3-BF4B-00C04F79EFBC}") = "dominio", "dominio\dominio.csproj", "{EAD444EF-32AC-4231-BB99-A1075D51EF32}"
EndProject
Global
	GlobalSection(SolutionConfigurationPlatforms) = preSolution
		Debug|Any CPU = Debug|Any CPU
		Release|Any CPU = Release|Any CPU
	EndGlobalSection
	GlobalSection(ProjectConfigurationPlatforms) = postSolution
		{3F63A0C3-3BB8-4553-ABF6-38C166F7F3F7}.Debug|Any CPU.ActiveCfg = Debug|Any CPU
		{3F63A0C3-3BB8-4553-ABF6-38C166F7F3F7}.Debug|Any CPU.Build.0 = Debug|Any CPU
		{3F63A0C3-3BB8-4553-ABF6-38C166F7F3F7}.Release|Any CPU.ActiveCfg = Release|Any CPU
		{3F63A0C3-3BB8-4553-ABF6-38C166F7F3F7}.Release|Any CPU.Build.0 = Release|Any CPU
		{40ADC42D-F3CB-4C22-994E-4194E311A924}.Debug|Any CPU.ActiveCfg = Debug|Any CPU
		{40ADC42D-F3CB-4C22-994E-4194E311A924}.Debug|Any CPU.Build.0 = Debug|Any CPU
		{40ADC42D-F3CB-4C22-994E-4194E311A924}.Release|Any CPU.ActiveCfg = Release|Any CPU
		{40ADC42D-F3CB-4C22-994E-4194E311A924}.Release|Any CPU.Build.0 = Release|Any CPU
		{EAD444EF-32AC-4231-BB99-A1075D51EF32}.Debug|Any CPU.ActiveCfg = Debug|Any CPU
		{EAD444EF-32AC-4231-BB99-A1075D51EF32}.Debug|Any CPU.Build.0 = Debug|Any CPU
		{EAD444EF-32AC-4231-BB99-A1075D51EF32}.Release|Any CPU.ActiveCfg = Release|Any CPU
		{EAD444EF-32AC-4231-BB99-A1075D51EF32}.Release|Any CPU.Build.0 = Release|Any CPU
	EndGlobalSection
	GlobalSection(SolutionProperties) = preSolution
		HideSolutionNode = FALSE
	EndGlobalSection
	GlobalSection(ExtensibilityGlobals) = postSolution
		SolutionGuid = {8F8D14A2-D83A-41B9-B83A-A6F0F4535FE8}
	EndGlobalSection
EndGlobal
